
Microsoft Visual Studio Solution File, Format Version 12.00
Project("{FAE04EC0-301F-11D3-BF4B-00C04F79EFBC}") = "ReaParamView.Plugin", "ReaParamView.Plugin\ReaParamView.Plugin.csproj", "{A0A0818A-C5DC-4817-B549-F122024ACF90}"
EndProject
Project("{FAE04EC0-301F-11D3-BF4B-00C04F79EFBC}") = "ReaParamView.Types", "ReaParamView.Types\ReaParamView.Types.csproj", "{BD4F506C-3DC7-41F3-B605-74D498827D97}"
EndProject
Project("{FAE04EC0-301F-11D3-BF4B-00C04F79EFBC}") = "ReaParamView.WebApp", "ReaParamView.WebApp\ReaParamView.WebApp.csproj", "{DBBCC313-FAF5-4B99-94C9-E0E904D87855}"
EndProject
Global
	GlobalSection(SolutionConfigurationPlatforms) = preSolution
		Debug|Any CPU = Debug|Any CPU
		Release|Any CPU = Release|Any CPU
	EndGlobalSection
	GlobalSection(ProjectConfigurationPlatforms) = postSolution
		{A0A0818A-C5DC-4817-B549-F122024ACF90}.Debug|Any CPU.ActiveCfg = Debug|Any CPU
		{A0A0818A-C5DC-4817-B549-F122024ACF90}.Debug|Any CPU.Build.0 = Debug|Any CPU
		{A0A0818A-C5DC-4817-B549-F122024ACF90}.Release|Any CPU.ActiveCfg = Release|Any CPU
		{A0A0818A-C5DC-4817-B549-F122024ACF90}.Release|Any CPU.Build.0 = Release|Any CPU
		{BD4F506C-3DC7-41F3-B605-74D498827D97}.Debug|Any CPU.ActiveCfg = Debug|Any CPU
		{BD4F506C-3DC7-41F3-B605-74D498827D97}.Debug|Any CPU.Build.0 = Debug|Any CPU
		{BD4F506C-3DC7-41F3-B605-74D498827D97}.Release|Any CPU.ActiveCfg = Release|Any CPU
		{BD4F506C-3DC7-41F3-B605-74D498827D97}.Release|Any CPU.Build.0 = Release|Any CPU
		{DBBCC313-FAF5-4B99-94C9-E0E904D87855}.Debug|Any CPU.ActiveCfg = Debug|Any CPU
		{DBBCC313-FAF5-4B99-94C9-E0E904D87855}.Debug|Any CPU.Build.0 = Debug|Any CPU
		{DBBCC313-FAF5-4B99-94C9-E0E904D87855}.Release|Any CPU.ActiveCfg = Release|Any CPU
		{DBBCC313-FAF5-4B99-94C9-E0E904D87855}.Release|Any CPU.Build.0 = Release|Any CPU
	EndGlobalSection
EndGlobal
